<Solution>
  <Project Path="GameApp/GameApp.csproj" Id="4f79596e-8998-4a96-bd06-d886ba6bddd8" />
  <Project Path="StoryHearth.Core/StoryHearth.Core.csproj" Id="60b74472-dab9-4f9e-a81c-906c47157644" />
  <Project Path="StoryHearth.Engine/StoryHearth.Engine.csproj" Id="b1c3e5e5-fd1c-48a0-abbc-7f754e85b306" />
  <Project Path="StoryHearth.Platform.RaylibBackend/StoryHearth.Platform.RaylibBackend.csproj" />
</Solution>
